
Microsoft Visual Studio Solution File, Format Version 12.00
# Visual Studio 15
VisualStudioVersion = 15.0.26730.15
MinimumVisualStudioVersion = 10.0.40219.1
Project("{FAE04EC0-301F-11D3-BF4B-00C04F79EFBC}") = "CalcuateShapArea", "CalcuateShapArea\CalcuateShapArea.csproj", "{043EEBB5-4FF8-48C8-85D8-6CC1055B1B8E}"
EndProject
Project("{FAE04EC0-301F-11D3-BF4B-00C04F79EFBC}") = "UnitTestForCalculateArea", "UnitTestForCalculateArea\UnitTestForCalculateArea.csproj", "{90F67E00-4DBB-4AAD-84CA-A147290BD0C2}"
EndProject
Global
	GlobalSection(SolutionConfigurationPlatforms) = preSolution
		Debug|Any CPU = Debug|Any CPU
		Release|Any CPU = Release|Any CPU
	EndGlobalSection
	GlobalSection(ProjectConfigurationPlatforms) = postSolution
		{043EEBB5-4FF8-48C8-85D8-6CC1055B1B8E}.Debug|Any CPU.ActiveCfg = Debug|Any CPU
		{043EEBB5-4FF8-48C8-85D8-6CC1055B1B8E}.Debug|Any CPU.Build.0 = Debug|Any CPU
		{043EEBB5-4FF8-48C8-85D8-6CC1055B1B8E}.Release|Any CPU.ActiveCfg = Release|Any CPU
		{043EEBB5-4FF8-48C8-85D8-6CC1055B1B8E}.Release|Any CPU.Build.0 = Release|Any CPU
		{90F67E00-4DBB-4AAD-84CA-A147290BD0C2}.Debug|Any CPU.ActiveCfg = Debug|Any CPU
		{90F67E00-4DBB-4AAD-84CA-A147290BD0C2}.Debug|Any CPU.Build.0 = Debug|Any CPU
		{90F67E00-4DBB-4AAD-84CA-A147290BD0C2}.Release|Any CPU.ActiveCfg = Release|Any CPU
		{90F67E00-4DBB-4AAD-84CA-A147290BD0C2}.Release|Any CPU.Build.0 = Release|Any CPU
	EndGlobalSection
	GlobalSection(SolutionProperties) = preSolution
		HideSolutionNode = FALSE
	EndGlobalSection
	GlobalSection(ExtensibilityGlobals) = postSolution
		SolutionGuid = {9C7C1121-1728-4CC4-BF1F-6A19B077B830}
	EndGlobalSection
EndGlobal
